
Microsoft Visual Studio Solution File, Format Version 12.00
# Visual Studio 15
VisualStudioVersion = 15.0.27428.2011
MinimumVisualStudioVersion = 10.0.40219.1
Project("{FAE04EC0-301F-11D3-BF4B-00C04F79EFBC}") = "API", "API\API.csproj", "{B588FA93-6786-43DC-9429-7733088E6502}"
EndProject
Project("{FAE04EC0-301F-11D3-BF4B-00C04F79EFBC}") = "BW", "BW\BW.csproj", "{6BC672EA-F6EE-40AF-9D77-6DD9D2473DFC}"
EndProject
Project("{FAE04EC0-301F-11D3-BF4B-00C04F79EFBC}") = "CS", "CS\CS.csproj", "{B25EE77F-38D3-44A0-82BC-CD5E01505B20}"
EndProject
Global
	GlobalSection(SolutionConfigurationPlatforms) = preSolution
		Debug|Any CPU = Debug|Any CPU
		Release|Any CPU = Release|Any CPU
	EndGlobalSection
	GlobalSection(ProjectConfigurationPlatforms) = postSolution
		{B588FA93-6786-43DC-9429-7733088E6502}.Debug|Any CPU.ActiveCfg = Debug|Any CPU
		{B588FA93-6786-43DC-9429-7733088E6502}.Debug|Any CPU.Build.0 = Debug|Any CPU
		{B588FA93-6786-43DC-9429-7733088E6502}.Release|Any CPU.ActiveCfg = Release|Any CPU
		{B588FA93-6786-43DC-9429-7733088E6502}.Release|Any CPU.Build.0 = Release|Any CPU
		{6BC672EA-F6EE-40AF-9D77-6DD9D2473DFC}.Debug|Any CPU.ActiveCfg = Debug|Any CPU
		{6BC672EA-F6EE-40AF-9D77-6DD9D2473DFC}.Debug|Any CPU.Build.0 = Debug|Any CPU
		{6BC672EA-F6EE-40AF-9D77-6DD9D2473DFC}.Release|Any CPU.ActiveCfg = Release|Any CPU
		{6BC672EA-F6EE-40AF-9D77-6DD9D2473DFC}.Release|Any CPU.Build.0 = Release|Any CPU
		{B25EE77F-38D3-44A0-82BC-CD5E01505B20}.Debug|Any CPU.ActiveCfg = Debug|Any CPU
		{B25EE77F-38D3-44A0-82BC-CD5E01505B20}.Debug|Any CPU.Build.0 = Debug|Any CPU
		{B25EE77F-38D3-44A0-82BC-CD5E01505B20}.Release|Any CPU.ActiveCfg = Release|Any CPU
		{B25EE77F-38D3-44A0-82BC-CD5E01505B20}.Release|Any CPU.Build.0 = Release|Any CPU
	EndGlobalSection
	GlobalSection(SolutionProperties) = preSolution
		HideSolutionNode = FALSE
	EndGlobalSection
	GlobalSection(ExtensibilityGlobals) = postSolution
		SolutionGuid = {3ECC70BC-5176-4923-9B9D-5037C04EF368}
	EndGlobalSection
EndGlobal
